2
git https://github.com/kivikakk/dtb.zig commit-f8b0e18c1ade81e6cb9153f07e52af4dd50153fa
git https://github.com/leap0x7b/limine commit-c7cddda13357d58da9b348e9a7adaf9955d9233a
git https://github.com/leecannon/zig-sbi commit-005412ec3e897726eadfdcb40b26ca1fab1aa343
git https://github.com/limine-bootloader/limine commit-024565f6a7e8178107b3afc8459055db08937169
